
Microsoft Visual Studio Solution File, Format Version 12.00
# Visual Studio Version 17
VisualStudioVersion = 17.3.32825.248
MinimumVisualStudioVersion = 10.0.40219.1
Project("{2150E333-8FDC-42A3-9474-1A3956D46DE8}") = "tests", "tests", "{718F7206-CA90-41BD-A70C-97222856AFA6}"
EndProject
Project("{2150E333-8FDC-42A3-9474-1A3956D46DE8}") = "src", "src", "{52493777-9090-44FC-97EE-45167FA220BD}"
EndProject
Project("{9A19103F-16F7-4668-BE54-9A1E7A4F7556}") = "SonarWave.Application", "src\SonarWave.Application\SonarWave.Application.csproj", "{40D44D17-9161-4992-86C7-CAC0D5520A42}"
EndProject
Project("{9A19103F-16F7-4668-BE54-9A1E7A4F7556}") = "SonarWave.ApplicationTests", "tests\SonarWave.ApplicationTests\SonarWave.ApplicationTests.csproj", "{A12E6293-C554-4A38-A0BA-856CE6C57EBB}"
EndProject
Project("{9A19103F-16F7-4668-BE54-9A1E7A4F7556}") = "SonarWave.Core", "src\SonarWave.Core\SonarWave.Core.csproj", "{5CFDCECD-AB6D-4548-A73F-D9A79DD0CEF7}"
EndProject
Project("{9A19103F-16F7-4668-BE54-9A1E7A4F7556}") = "SonarWave.Infrastructure", "src\SonarWave.Infrastructure\SonarWave.Infrastructure.csproj", "{E5FF81C4-E8B3-415A-958D-7E5D8121EC44}"
EndProject
Project("{9A19103F-16F7-4668-BE54-9A1E7A4F7556}") = "SonarWave.CoreTests", "tests\SonarWave.CoreTests\SonarWave.CoreTests.csproj", "{B8777807-2016-4C9F-82D3-22AD07A35DD7}"
EndProject
Project("{9A19103F-16F7-4668-BE54-9A1E7A4F7556}") = "SonarWave.InfrastructureTests", "tests\SonarWave.InfrastructureTests\SonarWave.InfrastructureTests.csproj", "{6FA64C50-A661-4983-B091-776FD14D0392}"
EndProject
Project("{FAE04EC0-301F-11D3-BF4B-00C04F79EFBC}") = "SonarWave.Client", "src\SonarWave.Client\SonarWave.Client.csproj", "{540BFC4F-ADA8-429D-8EC3-91617A8AAFAF}"
EndProject
Global
	GlobalSection(SolutionConfigurationPlatforms) = preSolution
		Debug|Any CPU = Debug|Any CPU
		Release|Any CPU = Release|Any CPU
	EndGlobalSection
	GlobalSection(ProjectConfigurationPlatforms) = postSolution
		{40D44D17-9161-4992-86C7-CAC0D5520A42}.Debug|Any CPU.ActiveCfg = Debug|Any CPU
		{40D44D17-9161-4992-86C7-CAC0D5520A42}.Debug|Any CPU.Build.0 = Debug|Any CPU
		{40D44D17-9161-4992-86C7-CAC0D5520A42}.Release|Any CPU.ActiveCfg = Release|Any CPU
		{40D44D17-9161-4992-86C7-CAC0D5520A42}.Release|Any CPU.Build.0 = Release|Any CPU
		{A12E6293-C554-4A38-A0BA-856CE6C57EBB}.Debug|Any CPU.ActiveCfg = Debug|Any CPU
		{A12E6293-C554-4A38-A0BA-856CE6C57EBB}.Debug|Any CPU.Build.0 = Debug|Any CPU
		{A12E6293-C554-4A38-A0BA-856CE6C57EBB}.Release|Any CPU.ActiveCfg = Release|Any CPU
		{A12E6293-C554-4A38-A0BA-856CE6C57EBB}.Release|Any CPU.Build.0 = Release|Any CPU
		{5CFDCECD-AB6D-4548-A73F-D9A79DD0CEF7}.Debug|Any CPU.ActiveCfg = Debug|Any CPU
		{5CFDCECD-AB6D-4548-A73F-D9A79DD0CEF7}.Debug|Any CPU.Build.0 = Debug|Any CPU
		{5CFDCECD-AB6D-4548-A73F-D9A79DD0CEF7}.Release|Any CPU.ActiveCfg = Release|Any CPU
		{5CFDCECD-AB6D-4548-A73F-D9A79DD0CEF7}.Release|Any CPU.Build.0 = Release|Any CPU
		{E5FF81C4-E8B3-415A-958D-7E5D8121EC44}.Debug|Any CPU.ActiveCfg = Debug|Any CPU
		{E5FF81C4-E8B3-415A-958D-7E5D8121EC44}.Debug|Any CPU.Build.0 = Debug|Any CPU
		{E5FF81C4-E8B3-415A-958D-7E5D8121EC44}.Release|Any CPU.ActiveCfg = Release|Any CPU
		{E5FF81C4-E8B3-415A-958D-7E5D8121EC44}.Release|Any CPU.Build.0 = Release|Any CPU
		{B8777807-2016-4C9F-82D3-22AD07A35DD7}.Debug|Any CPU.ActiveCfg = Debug|Any CPU
		{B8777807-2016-4C9F-82D3-22AD07A35DD7}.Debug|Any CPU.Build.0 = Debug|Any CPU
		{B8777807-2016-4C9F-82D3-22AD07A35DD7}.Release|Any CPU.ActiveCfg = Release|Any CPU
		{B8777807-2016-4C9F-82D3-22AD07A35DD7}.Release|Any CPU.Build.0 = Release|Any CPU
		{6FA64C50-A661-4983-B091-776FD14D0392}.Debug|Any CPU.ActiveCfg = Debug|Any CPU
		{6FA64C50-A661-4983-B091-776FD14D0392}.Debug|Any CPU.Build.0 = Debug|Any CPU
		{6FA64C50-A661-4983-B091-776FD14D0392}.Release|Any CPU.ActiveCfg = Release|Any CPU
		{6FA64C50-A661-4983-B091-776FD14D0392}.Release|Any CPU.Build.0 = Release|Any CPU
		{540BFC4F-ADA8-429D-8EC3-91617A8AAFAF}.Debug|Any CPU.ActiveCfg = Debug|Any CPU
		{540BFC4F-ADA8-429D-8EC3-91617A8AAFAF}.Debug|Any CPU.Build.0 = Debug|Any CPU
		{540BFC4F-ADA8-429D-8EC3-91617A8AAFAF}.Release|Any CPU.ActiveCfg = Release|Any CPU
		{540BFC4F-ADA8-429D-8EC3-91617A8AAFAF}.Release|Any CPU.Build.0 = Release|Any CPU
	EndGlobalSection
	GlobalSection(SolutionProperties) = preSolution
		HideSolutionNode = FALSE
	EndGlobalSection
	GlobalSection(NestedProjects) = preSolution
		{40D44D17-9161-4992-86C7-CAC0D5520A42} = {52493777-9090-44FC-97EE-45167FA220BD}
		{A12E6293-C554-4A38-A0BA-856CE6C57EBB} = {718F7206-CA90-41BD-A70C-97222856AFA6}
		{5CFDCECD-AB6D-4548-A73F-D9A79DD0CEF7} = {52493777-9090-44FC-97EE-45167FA220BD}
		{E5FF81C4-E8B3-415A-958D-7E5D8121EC44} = {52493777-9090-44FC-97EE-45167FA220BD}
		{B8777807-2016-4C9F-82D3-22AD07A35DD7} = {718F7206-CA90-41BD-A70C-97222856AFA6}
		{6FA64C50-A661-4983-B091-776FD14D0392} = {718F7206-CA90-41BD-A70C-97222856AFA6}
		{540BFC4F-ADA8-429D-8EC3-91617A8AAFAF} = {52493777-9090-44FC-97EE-45167FA220BD}
	EndGlobalSection
	GlobalSection(ExtensibilityGlobals) = postSolution
		SolutionGuid = {A50C588E-27A2-4AF0-8D54-A5C288333D3D}
	EndGlobalSection
EndGlobal
